
Microsoft Visual Studio Solution File, Format Version 12.00
# Visual Studio Version 16
VisualStudioVersion = 16.0.29215.179
MinimumVisualStudioVersion = 10.0.40219.1
Project("{9A19103F-16F7-4668-BE54-9A1E7A4F7556}") = "PaymentGateway.Domain", "PaymentGateway.Domain\PaymentGateway.Domain.csproj", "{B1839988-5650-46C5-8A63-4A5F8EDC6F7A}"
EndProject
Project("{9A19103F-16F7-4668-BE54-9A1E7A4F7556}") = "PaymentGateway.Persistance", "PaymentGateway.Persistance\PaymentGateway.Persistance.csproj", "{CE60C6D7-0F4F-4473-A6AD-108BC6A7BFC4}"
EndProject
Project("{9A19103F-16F7-4668-BE54-9A1E7A4F7556}") = "PaymentGateway.Application", "PaymentGateway.Application\PaymentGateway.Application.csproj", "{A9A46BC1-2149-4A49-ADC5-4C975F8FB074}"
EndProject
Project("{2150E333-8FDC-42A3-9474-1A3956D46DE8}") = "Tests", "Tests", "{10EC4862-AA54-453A-AC32-1929AA70D40F}"
EndProject
Project("{9A19103F-16F7-4668-BE54-9A1E7A4F7556}") = "PaymentGateway.API.Tests", "PaymentGateway.API.Tests\PaymentGateway.API.Tests.csproj", "{67D8E1C1-571F-4BA3-8A56-564B3EE65ACF}"
EndProject
Project("{9A19103F-16F7-4668-BE54-9A1E7A4F7556}") = "PaymentGateway.API", "PaymentGateway.API\PaymentGateway.API.csproj", "{12592A80-EE5F-49EE-8CC6-F9AD5CF8D35E}"
EndProject
Project("{9A19103F-16F7-4668-BE54-9A1E7A4F7556}") = "PaymentGateway.Infrastructure.Tests", "PaymentGateway.Infrastructure.Tests\PaymentGateway.Infrastructure.Tests.csproj", "{4A89B3C9-4BB8-4FC4-A0B9-43F6BDD60F60}"
EndProject
Project("{9A19103F-16F7-4668-BE54-9A1E7A4F7556}") = "PaymentGateway.Persistance.Tests", "PaymentGateway.Persistance.Tests\PaymentGateway.Persistance.Tests.csproj", "{857333E9-A3CF-4FB2-812C-2FA5C9DCF4DF}"
EndProject
Project("{9A19103F-16F7-4668-BE54-9A1E7A4F7556}") = "PaymentGateway.Application.Tests", "PaymentGateway.Application.Tests\PaymentGateway.Application.Tests.csproj", "{665A4DF1-82EC-4A06-9233-1BE2AF229DE2}"
EndProject
Project("{9A19103F-16F7-4668-BE54-9A1E7A4F7556}") = "PaymentGateway.Infrastructure", "PaymentGateway.Infrastructure\PaymentGateway.Infrastructure.csproj", "{74A7578B-FD76-462B-B56F-44CBDA629E55}"
EndProject
Project("{9A19103F-16F7-4668-BE54-9A1E7A4F7556}") = "PaymentGateway.Common", "PaymentGateway.Common\PaymentGateway.Common.csproj", "{302F5D38-8014-4E10-AAC0-78706733F081}"
EndProject
Global
	GlobalSection(SolutionConfigurationPlatforms) = preSolution
		Debug|Any CPU = Debug|Any CPU
		Release|Any CPU = Release|Any CPU
	EndGlobalSection
	GlobalSection(ProjectConfigurationPlatforms) = postSolution
		{B1839988-5650-46C5-8A63-4A5F8EDC6F7A}.Debug|Any CPU.ActiveCfg = Debug|Any CPU
		{B1839988-5650-46C5-8A63-4A5F8EDC6F7A}.Debug|Any CPU.Build.0 = Debug|Any CPU
		{B1839988-5650-46C5-8A63-4A5F8EDC6F7A}.Release|Any CPU.ActiveCfg = Release|Any CPU
		{B1839988-5650-46C5-8A63-4A5F8EDC6F7A}.Release|Any CPU.Build.0 = Release|Any CPU
		{CE60C6D7-0F4F-4473-A6AD-108BC6A7BFC4}.Debug|Any CPU.ActiveCfg = Debug|Any CPU
		{CE60C6D7-0F4F-4473-A6AD-108BC6A7BFC4}.Debug|Any CPU.Build.0 = Debug|Any CPU
		{CE60C6D7-0F4F-4473-A6AD-108BC6A7BFC4}.Release|Any CPU.ActiveCfg = Release|Any CPU
		{CE60C6D7-0F4F-4473-A6AD-108BC6A7BFC4}.Release|Any CPU.Build.0 = Release|Any CPU
		{A9A46BC1-2149-4A49-ADC5-4C975F8FB074}.Debug|Any CPU.ActiveCfg = Debug|Any CPU
		{A9A46BC1-2149-4A49-ADC5-4C975F8FB074}.Debug|Any CPU.Build.0 = Debug|Any CPU
		{A9A46BC1-2149-4A49-ADC5-4C975F8FB074}.Release|Any CPU.ActiveCfg = Release|Any CPU
		{A9A46BC1-2149-4A49-ADC5-4C975F8FB074}.Release|Any CPU.Build.0 = Release|Any CPU
		{67D8E1C1-571F-4BA3-8A56-564B3EE65ACF}.Debug|Any CPU.ActiveCfg = Debug|Any CPU
		{67D8E1C1-571F-4BA3-8A56-564B3EE65ACF}.Debug|Any CPU.Build.0 = Debug|Any CPU
		{67D8E1C1-571F-4BA3-8A56-564B3EE65ACF}.Release|Any CPU.ActiveCfg = Release|Any CPU
		{67D8E1C1-571F-4BA3-8A56-564B3EE65ACF}.Release|Any CPU.Build.0 = Release|Any CPU
		{12592A80-EE5F-49EE-8CC6-F9AD5CF8D35E}.Debug|Any CPU.ActiveCfg = Debug|Any CPU
		{12592A80-EE5F-49EE-8CC6-F9AD5CF8D35E}.Debug|Any CPU.Build.0 = Debug|Any CPU
		{12592A80-EE5F-49EE-8CC6-F9AD5CF8D35E}.Release|Any CPU.ActiveCfg = Release|Any CPU
		{12592A80-EE5F-49EE-8CC6-F9AD5CF8D35E}.Release|Any CPU.Build.0 = Release|Any CPU
		{4A89B3C9-4BB8-4FC4-A0B9-43F6BDD60F60}.Debug|Any CPU.ActiveCfg = Debug|Any CPU
		{4A89B3C9-4BB8-4FC4-A0B9-43F6BDD60F60}.Debug|Any CPU.Build.0 = Debug|Any CPU
		{4A89B3C9-4BB8-4FC4-A0B9-43F6BDD60F60}.Release|Any CPU.ActiveCfg = Release|Any CPU
		{4A89B3C9-4BB8-4FC4-A0B9-43F6BDD60F60}.Release|Any CPU.Build.0 = Release|Any CPU
		{857333E9-A3CF-4FB2-812C-2FA5C9DCF4DF}.Debug|Any CPU.ActiveCfg = Debug|Any CPU
		{857333E9-A3CF-4FB2-812C-2FA5C9DCF4DF}.Debug|Any CPU.Build.0 = Debug|Any CPU
		{857333E9-A3CF-4FB2-812C-2FA5C9DCF4DF}.Release|Any CPU.ActiveCfg = Release|Any CPU
		{857333E9-A3CF-4FB2-812C-2FA5C9DCF4DF}.Release|Any CPU.Build.0 = Release|Any CPU
		{665A4DF1-82EC-4A06-9233-1BE2AF229DE2}.Debug|Any CPU.ActiveCfg = Debug|Any CPU
		{665A4DF1-82EC-4A06-9233-1BE2AF229DE2}.Debug|Any CPU.Build.0 = Debug|Any CPU
		{665A4DF1-82EC-4A06-9233-1BE2AF229DE2}.Release|Any CPU.ActiveCfg = Release|Any CPU
		{665A4DF1-82EC-4A06-9233-1BE2AF229DE2}.Release|Any CPU.Build.0 = Release|Any CPU
		{74A7578B-FD76-462B-B56F-44CBDA629E55}.Debug|Any CPU.ActiveCfg = Debug|Any CPU
		{74A7578B-FD76-462B-B56F-44CBDA629E55}.Debug|Any CPU.Build.0 = Debug|Any CPU
		{74A7578B-FD76-462B-B56F-44CBDA629E55}.Release|Any CPU.ActiveCfg = Release|Any CPU
		{74A7578B-FD76-462B-B56F-44CBDA629E55}.Release|Any CPU.Build.0 = Release|Any CPU
		{302F5D38-8014-4E10-AAC0-78706733F081}.Debug|Any CPU.ActiveCfg = Debug|Any CPU
		{302F5D38-8014-4E10-AAC0-78706733F081}.Debug|Any CPU.Build.0 = Debug|Any CPU
		{302F5D38-8014-4E10-AAC0-78706733F081}.Release|Any CPU.ActiveCfg = Release|Any CPU
		{302F5D38-8014-4E10-AAC0-78706733F081}.Release|Any CPU.Build.0 = Release|Any CPU
	EndGlobalSection
	GlobalSection(SolutionProperties) = preSolution
		HideSolutionNode = FALSE
	EndGlobalSection
	GlobalSection(NestedProjects) = preSolution
		{67D8E1C1-571F-4BA3-8A56-564B3EE65ACF} = {10EC4862-AA54-453A-AC32-1929AA70D40F}
		{4A89B3C9-4BB8-4FC4-A0B9-43F6BDD60F60} = {10EC4862-AA54-453A-AC32-1929AA70D40F}
		{857333E9-A3CF-4FB2-812C-2FA5C9DCF4DF} = {10EC4862-AA54-453A-AC32-1929AA70D40F}
		{665A4DF1-82EC-4A06-9233-1BE2AF229DE2} = {10EC4862-AA54-453A-AC32-1929AA70D40F}
	EndGlobalSection
	GlobalSection(ExtensibilityGlobals) = postSolution
		SolutionGuid = {E5D33EDB-A1F0-4B80-B6F0-D2091C74E890}
	EndGlobalSection
EndGlobal
